{
  "version": 4,
  "terraform_version": "1.0.7",
  "serial": 23,
  "lineage": "1e640cc9-be6f-b0d0-a90e-6cf5acb5cf65",
  "outputs": {},
  "resources": [
    {
      "mode": "managed",
      "type": "azurerm_app_service",
      "name": "biblioteca",
      "provider": "provider[\"registry.terraform.io/hashicorp/azurerm\"]",
      "instances": [
        {
          "schema_version": 0,
          "attributes": {
            "app_service_plan_id": "/subscriptions/0a19436b-acc4-4923-835f-81d060bc9623/resourceGroups/myTFResourceGroup/providers/Microsoft.Web/serverfarms/biblio-appserviceplan-pro",
            "app_settings": {
              "WEBSITE_NODE_DEFAULT_VERSION": "6.9.1"
            },
            "auth_settings": [
              {
                "active_directory": [],
                "additional_login_params": {},
                "allowed_external_redirect_urls": [],
                "default_provider": "",
                "enabled": false,
                "facebook": [],
                "google": [],
                "issuer": "",
                "microsoft": [],
                "runtime_version": "",
                "token_refresh_extension_hours": 0,
                "token_store_enabled": false,
                "twitter": [],
                "unauthenticated_client_action": ""
              }
            ],
            "backup": [],
            "client_affinity_enabled": false,
            "client_cert_enabled": false,
            "connection_string": [
              {
                "name": "biblioDB",
                "type": "SQLServer",
                "value": "Server=tcp:mssqlserver-biblio.database.windows.net,1433;Initial Catalog=biblioDB;Persist Security Info=False;User ID=andrew;Password=abCD134;MultipleActiveResultSets=False;Encrypt=True;TrustServerCertificate=False;Connection Timeout=30;"
              }
            ],
            "custom_domain_verification_id": "160481518083A1D8AEB532B2E22D034A80F72FF37FF38CB11A2CC689966603AB",
            "default_site_hostname": "biblioteca-app-service.azurewebsites.net",
            "enabled": true,
            "https_only": false,
            "id": "/subscriptions/0a19436b-acc4-4923-835f-81d060bc9623/resourceGroups/myTFResourceGroup/providers/Microsoft.Web/sites/biblioteca-app-service",
            "identity": [],
            "location": "westus2",
            "logs": [
              {
                "application_logs": [
                  {
                    "azure_blob_storage": [],
                    "file_system_level": "Off"
                  }
                ],
                "detailed_error_messages_enabled": false,
                "failed_request_tracing_enabled": false,
                "http_logs": [
                  {
                    "azure_blob_storage": [],
                    "file_system": []
                  }
                ]
              }
            ],
            "name": "biblioteca-app-service",
            "outbound_ip_address_list": [
              "40.64.85.211",
              "40.64.86.21",
              "40.64.86.27",
              "40.64.83.186",
              "40.64.86.28",
              "40.64.81.27",
              "20.42.128.105"
            ],
            "outbound_ip_addresses": "40.64.85.211,40.64.86.21,40.64.86.27,40.64.83.186,40.64.86.28,40.64.81.27,20.42.128.105",
            "possible_outbound_ip_address_list": [
              "40.64.85.211",
              "40.64.86.21",
              "40.64.86.27",
              "40.64.83.186",
              "40.64.86.28",
              "40.64.81.27",
              "40.64.81.114",
              "40.64.86.33",
              "40.64.86.57",
              "40.64.82.177",
              "40.64.86.77",
              "40.64.86.81",
              "40.64.86.85",
              "40.64.86.97",
              "40.64.86.186",
              "40.64.86.206",
              "40.64.86.238",
              "40.64.86.243",
              "40.64.86.253",
              "40.64.87.5",
              "40.64.87.43",
              "40.64.87.97",
              "20.51.88.32",
              "20.51.88.122",
              "20.51.88.132",
              "20.51.88.140",
              "20.51.88.148",
              "40.64.84.7",
              "20.51.88.166",
              "20.51.88.168",
              "20.42.128.105"
            ],
            "possible_outbound_ip_addresses": "40.64.85.211,40.64.86.21,40.64.86.27,40.64.83.186,40.64.86.28,40.64.81.27,40.64.81.114,40.64.86.33,40.64.86.57,40.64.82.177,40.64.86.77,40.64.86.81,40.64.86.85,40.64.86.97,40.64.86.186,40.64.86.206,40.64.86.238,40.64.86.243,40.64.86.253,40.64.87.5,40.64.87.43,40.64.87.97,20.51.88.32,20.51.88.122,20.51.88.132,20.51.88.140,20.51.88.148,40.64.84.7,20.51.88.166,20.51.88.168,20.42.128.105",
            "resource_group_name": "myTFResourceGroup",
            "site_config": [
              {
                "acr_use_managed_identity_credentials": false,
                "acr_user_managed_identity_client_id": "",
                "always_on": false,
                "app_command_line": "",
                "auto_swap_slot_name": "",
                "cors": [
                  {
                    "allowed_origins": [],
                    "support_credentials": false
                  }
                ],
                "default_documents": [],
                "dotnet_framework_version": "v4.0",
                "ftps_state": "AllAllowed",
                "health_check_path": "",
                "http2_enabled": false,
                "ip_restriction": [],
                "java_container": "",
                "java_container_version": "",
                "java_version": "",
                "linux_fx_version": "",
                "local_mysql_enabled": false,
                "managed_pipeline_mode": "Integrated",
                "min_tls_version": "1.2",
                "number_of_workers": 1,
                "php_version": "",
                "python_version": "",
                "remote_debugging_enabled": false,
                "remote_debugging_version": "VS2019",
                "scm_ip_restriction": [],
                "scm_type": "LocalGit",
                "scm_use_main_ip_restriction": false,
                "use_32_bit_worker_process": false,
                "vnet_route_all_enabled": false,
                "websockets_enabled": false,
                "windows_fx_version": ""
              }
            ],
            "site_credential": [
              {
                "password": "WMrjQRyevi8M9jMWfNWuYbaqKPDiudRDXtorcgwPqf5iNGtZ342ukEkDbg9x",
                "username": "$biblioteca-app-service"
              }
            ],
            "source_control": [
              {
                "branch": "master",
                "manual_integration": false,
                "repo_url": "https://biblioteca-app-service.scm.azurewebsites.net",
                "rollback_enabled": false,
                "use_mercurial": false
              }
            ],
            "storage_account": [],
            "tags": {},
            "timeouts": null
          },
          "sensitive_attributes": [],
          "private": "eyJlMmJmYjczMC1lY2FhLTExZTYtOGY4OC0zNDM2M2JjN2M0YzAiOnsiY3JlYXRlIjoxODAwMDAwMDAwMDAwLCJkZWxldGUiOjE4MDAwMDAwMDAwMDAsInJlYWQiOjMwMDAwMDAwMDAwMCwidXBkYXRlIjoxODAwMDAwMDAwMDAwfX0=",
          "dependencies": [
            "azurerm_app_service_plan.biblio",
            "azurerm_resource_group.rg"
          ]
        }
      ]
    },
    {
      "mode": "managed",
      "type": "azurerm_app_service_plan",
      "name": "biblio",
      "provider": "provider[\"registry.terraform.io/hashicorp/azurerm\"]",
      "instances": [
        {
          "schema_version": 0,
          "attributes": {
            "app_service_environment_id": "",
            "id": "/subscriptions/0a19436b-acc4-4923-835f-81d060bc9623/resourceGroups/myTFResourceGroup/providers/Microsoft.Web/serverfarms/biblio-appserviceplan-pro",
            "is_xenon": false,
            "kind": "Windows",
            "location": "westus2",
            "maximum_elastic_worker_count": 1,
            "maximum_number_of_workers": 10,
            "name": "biblio-appserviceplan-pro",
            "per_site_scaling": false,
            "reserved": false,
            "resource_group_name": "myTFResourceGroup",
            "sku": [
              {
                "capacity": 1,
                "size": "S1",
                "tier": "Standard"
              }
            ],
            "tags": {},
            "timeouts": null,
            "zone_redundant": false
          },
          "sensitive_attributes": [],
          "private": "eyJlMmJmYjczMC1lY2FhLTExZTYtOGY4OC0zNDM2M2JjN2M0YzAiOnsiY3JlYXRlIjozNjAwMDAwMDAwMDAwLCJkZWxldGUiOjM2MDAwMDAwMDAwMDAsInJlYWQiOjMwMDAwMDAwMDAwMCwidXBkYXRlIjozNjAwMDAwMDAwMDAwfX0=",
          "dependencies": [
            "azurerm_resource_group.rg"
          ]
        }
      ]
    },
    {
      "mode": "managed",
      "type": "azurerm_mssql_database",
      "name": "biblio",
      "provider": "provider[\"registry.terraform.io/hashicorp/azurerm\"]",
      "instances": [
        {
          "schema_version": 1,
          "attributes": {
            "auto_pause_delay_in_minutes": 0,
            "collation": "SQL_Latin1_General_CP1_CI_AS",
            "create_mode": "Default",
            "creation_source_database_id": null,
            "elastic_pool_id": "",
            "extended_auditing_policy": [],
            "geo_backup_enabled": true,
            "id": "/subscriptions/0a19436b-acc4-4923-835f-81d060bc9623/resourceGroups/myTFResourceGroup/providers/Microsoft.Sql/servers/mssqlserver-biblio/databases/biblioDB",
            "license_type": "",
            "long_term_retention_policy": [
              {
                "monthly_retention": "PT0S",
                "week_of_year": 0,
                "weekly_retention": "PT0S",
                "yearly_retention": "PT0S"
              }
            ],
            "max_size_gb": 2,
            "min_capacity": 0,
            "name": "biblioDB",
            "read_replica_count": 0,
            "read_scale": false,
            "recover_database_id": null,
            "restore_dropped_database_id": null,
            "restore_point_in_time": null,
            "sample_name": null,
            "server_id": "/subscriptions/0a19436b-acc4-4923-835f-81d060bc9623/resourceGroups/myTFResourceGroup/providers/Microsoft.Sql/servers/mssqlserver-biblio",
            "short_term_retention_policy": [
              {
                "retention_days": 7
              }
            ],
            "sku_name": "Basic",
            "storage_account_type": "GRS",
            "tags": {},
            "threat_detection_policy": [
              {
                "disabled_alerts": [],
                "email_account_admins": "Disabled",
                "email_addresses": [],
                "retention_days": 0,
                "state": "Disabled",
                "storage_account_access_key": "",
                "storage_endpoint": "",
                "use_server_default": "Disabled"
              }
            ],
            "timeouts": null,
            "zone_redundant": false
          },
          "sensitive_attributes": [],
          "private": "eyJlMmJmYjczMC1lY2FhLTExZTYtOGY4OC0zNDM2M2JjN2M0YzAiOnsiY3JlYXRlIjozNjAwMDAwMDAwMDAwLCJkZWxldGUiOjM2MDAwMDAwMDAwMDAsInJlYWQiOjMwMDAwMDAwMDAwMCwidXBkYXRlIjozNjAwMDAwMDAwMDAwfSwic2NoZW1hX3ZlcnNpb24iOiIxIn0=",
          "dependencies": [
            "azurerm_mssql_server.biblio"
          ]
        }
      ]
    },
    {
      "mode": "managed",
      "type": "azurerm_mssql_firewall_rule",
      "name": "rule",
      "provider": "provider[\"registry.terraform.io/hashicorp/azurerm\"]",
      "instances": [
        {
          "schema_version": 0,
          "attributes": {
            "end_ip_address": "0.0.0.0",
            "id": "/subscriptions/0a19436b-acc4-4923-835f-81d060bc9623/resourceGroups/myTFResourceGroup/providers/Microsoft.Sql/servers/mssqlserver-biblio/firewallRules/FirewallRule1",
            "name": "FirewallRule1",
            "server_id": "/subscriptions/0a19436b-acc4-4923-835f-81d060bc9623/resourceGroups/myTFResourceGroup/providers/Microsoft.Sql/servers/mssqlserver-biblio",
            "start_ip_address": "0.0.0.0",
            "timeouts": null
          },
          "sensitive_attributes": [],
          "private": "eyJlMmJmYjczMC1lY2FhLTExZTYtOGY4OC0zNDM2M2JjN2M0YzAiOnsiY3JlYXRlIjoxODAwMDAwMDAwMDAwLCJkZWxldGUiOjE4MDAwMDAwMDAwMDAsInJlYWQiOjMwMDAwMDAwMDAwMCwidXBkYXRlIjoxODAwMDAwMDAwMDAwfX0=",
          "dependencies": [
            "azurerm_mssql_server.biblio",
            "azurerm_resource_group.rg"
          ]
        }
      ]
    },
    {
      "mode": "managed",
      "type": "azurerm_mssql_server",
      "name": "biblio",
      "provider": "provider[\"registry.terraform.io/hashicorp/azurerm\"]",
      "instances": [
        {
          "schema_version": 0,
          "attributes": {
            "administrator_login": "andrew",
            "administrator_login_password": "abCD1234",
            "azuread_administrator": [],
            "connection_policy": "Default",
            "extended_auditing_policy": [],
            "fully_qualified_domain_name": "mssqlserver-biblio.database.windows.net",
            "id": "/subscriptions/0a19436b-acc4-4923-835f-81d060bc9623/resourceGroups/myTFResourceGroup/providers/Microsoft.Sql/servers/mssqlserver-biblio",
            "identity": [],
            "location": "westus2",
            "minimum_tls_version": "1.2",
            "name": "mssqlserver-biblio",
            "public_network_access_enabled": true,
            "resource_group_name": "myTFResourceGroup",
            "restorable_dropped_database_ids": [],
            "tags": {},
            "timeouts": null,
            "version": "12.0"
          },
          "sensitive_attributes": [],
          "private": "eyJlMmJmYjczMC1lY2FhLTExZTYtOGY4OC0zNDM2M2JjN2M0YzAiOnsiY3JlYXRlIjozNjAwMDAwMDAwMDAwLCJkZWxldGUiOjM2MDAwMDAwMDAwMDAsInJlYWQiOjMwMDAwMDAwMDAwMCwidXBkYXRlIjozNjAwMDAwMDAwMDAwfX0=",
          "dependencies": [
            "azurerm_resource_group.rg"
          ]
        }
      ]
    },
    {
      "mode": "managed",
      "type": "azurerm_resource_group",
      "name": "rg",
      "provider": "provider[\"registry.terraform.io/hashicorp/azurerm\"]",
      "instances": [
        {
          "schema_version": 0,
          "attributes": {
            "id": "/subscriptions/0a19436b-acc4-4923-835f-81d060bc9623/resourceGroups/myTFResourceGroup",
            "location": "westus2",
            "name": "myTFResourceGroup",
            "tags": {},
            "timeouts": null
          },
          "sensitive_attributes": [],
          "private": "eyJlMmJmYjczMC1lY2FhLTExZTYtOGY4OC0zNDM2M2JjN2M0YzAiOnsiY3JlYXRlIjo1NDAwMDAwMDAwMDAwLCJkZWxldGUiOjU0MDAwMDAwMDAwMDAsInJlYWQiOjMwMDAwMDAwMDAwMCwidXBkYXRlIjo1NDAwMDAwMDAwMDAwfX0="
        }
      ]
    }
  ]
}
